// !$*UTF8*$!
{
	archiveVersion = 1;
	classes = {
	};
	objectVersion = 50;
	objects = {

/* Begin PBXBuildFile section */
		4510A11C217388A900D142E5 /* AppDelegate.swift in Sources */ = {isa = PBXBuildFile; fileRef = 4510A11B217388A900D142E5 /* AppDelegate.swift */; };
		4510A121217388A900D142E5 /* Main.storyboard in Resources */ = {isa = PBXBuildFile; fileRef = 4510A11F217388A900D142E5 /* Main.storyboard */; };
		4510A123217388AE00D142E5 /* Assets.xcassets in Resources */ = {isa = PBXBuildFile; fileRef = 4510A122217388AE00D142E5 /* Assets.xcassets */; };
		4510A126217388AE00D142E5 /* LaunchScreen.storyboard in Resources */ = {isa = PBXBuildFile; fileRef = 4510A124217388AE00D142E5 /* LaunchScreen.storyboard */; };
		4510A131217388AE00D142E5 /* WeatherGiftTests.swift in Sources */ = {isa = PBXBuildFile; fileRef = 4510A130217388AE00D142E5 /* WeatherGiftTests.swift */; };
		4510A13C217388AE00D142E5 /* WeatherGiftUITests.swift in Sources */ = {isa = PBXBuildFile; fileRef = 4510A13B217388AE00D142E5 /* WeatherGiftUITests.swift */; };
		4510A14A217389FD00D142E5 /* DetailVC.swift in Sources */ = {isa = PBXBuildFile; fileRef = 4510A149217389FD00D142E5 /* DetailVC.swift */; };
		4510A14C217390B900D142E5 /* ListVC.swift in Sources */ = {isa = PBXBuildFile; fileRef = 4510A14B217390B900D142E5 /* ListVC.swift */; };
		4510A14E217392FD00D142E5 /* PageVC.swift in Sources */ = {isa = PBXBuildFile; fileRef = 4510A14D217392FD00D142E5 /* PageVC.swift */; };
/* End PBXBuildFile section */

/* Begin PBXContainerItemProxy section */
		4510A12D217388AE00D142E5 /* PBXContainerItemProxy */ = {
			isa = PBXContainerItemProxy;
			containerPortal = 4510A110217388A900D142E5 /* Project object */;
			proxyType = 1;
			remoteGlobalIDString = 4510A117217388A900D142E5;
			remoteInfo = WeatherGift;
		};
		4510A138217388AE00D142E5 /* PBXContainerItemProxy */ = {
			isa = PBXContainerItemProxy;
			containerPortal = 4510A110217388A900D142E5 /* Project object */;
			proxyType = 1;
			remoteGlobalIDString = 4510A117217388A900D142E5;
			remoteInfo = WeatherGift;
		};
/* End PBXContainerItemProxy section */

/* Begin PBXFileReference section */
		4510A118217388A900D142E5 /* WeatherGift.app */ = {isa = PBXFileReference; explicitFileType = wrapper.application; includeInIndex = 0; path = WeatherGift.app; sourceTree = BUILT_PRODUCTS_DIR; };
		4510A11B217388A900D142E5 /* AppDelegate.swift */ = {isa = PBXFileReference; lastKnownFileType = sourcecode.swift; path = AppDelegate.swift; sourceTree = "<group>"; };
		4510A120217388A900D142E5 /* Base */ = {isa = PBXFileReference; lastKnownFileType = file.storyboard; name = Base; path = Base.lproj/Main.storyboard; sourceTree = "<group>"; };
		4510A122217388AE00D142E5 /* Assets.xcassets */ = {isa = PBXFileReference; lastKnownFileType = folder.assetcatalog; path = Assets.xcassets; sourceTree = "<group>"; };
		4510A125217388AE00D142E5 /* Base */ = {isa = PBXFileReference; lastKnownFileType = file.storyboard; name = Base; path = Base.lproj/LaunchScreen.storyboard; sourceTree = "<group>"; };
		4510A127217388AE00D142E5 /* Info.plist */ = {isa = PBXFileReference; lastKnownFileType = text.plist.xml; path = Info.plist; sourceTree = "<group>"; };
		4510A12C217388AE00D142E5 /* WeatherGiftTests.xctest */ = {isa = PBXFileReference; explicitFileType = wrapper.cfbundle; includeInIndex = 0; path = WeatherGiftTests.xctest; sourceTree = BUILT_PRODUCTS_DIR; };
		4510A130217388AE00D142E5 /* WeatherGiftTests.swift */ = {isa = PBXFileReference; lastKnownFileType = sourcecode.swift; path = WeatherGiftTests.swift; sourceTree = "<group>"; };
		4510A132217388AE00D142E5 /* Info.plist */ = {isa = PBXFileReference; lastKnownFileType = text.plist.xml; path = Info.plist; sourceTree = "<group>"; };
		4510A137217388AE00D142E5 /* WeatherGiftUITests.xctest */ = {isa = PBXFileReference; explicitFileType = wrapper.cfbundle; includeInIndex = 0; path = WeatherGiftUITests.xctest; sourceTree = BUILT_PRODUCTS_DIR; };
		4510A13B217388AE00D142E5 /* WeatherGiftUITests.swift */ = {isa = PBXFileReference; lastKnownFileType = sourcecode.swift; path = WeatherGiftUITests.swift; sourceTree = "<group>"; };
		4510A13D217388AE00D142E5 /* Info.plist */ = {isa = PBXFileReference; lastKnownFileType = text.plist.xml; path = Info.plist; sourceTree = "<group>"; };
		4510A149217389FD00D142E5 /* DetailVC.swift */ = {isa = PBXFileReference; lastKnownFileType = sourcecode.swift; path = DetailVC.swift; sourceTree = "<group>"; };
		4510A14B217390B900D142E5 /* ListVC.swift */ = {isa = PBXFileReference; lastKnownFileType = sourcecode.swift; path = ListVC.swift; sourceTree = "<group>"; };
		4510A14D217392FD00D142E5 /* PageVC.swift */ = {isa = PBXFileReference; lastKnownFileType = sourcecode.swift; path = PageVC.swift; sourceTree = "<group>"; };
/* End PBXFileReference section */

/* Begin PBXFrameworksBuildPhase section */
		4510A115217388A900D142E5 /* Frameworks */ = {
			isa = PBXFrameworksBuildPhase;
			buildActionMask = 2147483647;
			files = (
			);
			runOnlyForDeploymentPostprocessing = 0;
		};
		4510A129217388AE00D142E5 /* Frameworks */ = {
			isa = PBXFrameworksBuildPhase;
			buildActionMask = 2147483647;
			files = (
			);
			runOnlyForDeploymentPostprocessing = 0;
		};
		4510A134217388AE00D142E5 /* Frameworks */ = {
			isa = PBXFrameworksBuildPhase;
			buildActionMask = 2147483647;
			files = (
			);
			runOnlyForDeploymentPostprocessing = 0;
		};
/* End PBXFrameworksBuildPhase section */

/* Begin PBXGroup section */
		4510A10F217388A800D142E5 = {
			isa = PBXGroup;
			children = (
				4510A11A217388A900D142E5 /* WeatherGift */,
				4510A12F217388AE00D142E5 /* WeatherGiftTests */,
				4510A13A217388AE00D142E5 /* WeatherGiftUITests */,
				4510A119217388A900D142E5 /* Products */,
			);
			sourceTree = "<group>";
		};
		4510A119217388A900D142E5 /* Products */ = {
			isa = PBXGroup;
			children = (
				4510A118217388A900D142E5 /* WeatherGift.app */,
				4510A12C217388AE00D142E5 /* WeatherGiftTests.xctest */,
				4510A137217388AE00D142E5 /* WeatherGiftUITests.xctest */,
			);
			name = Products;
			sourceTree = "<group>";
		};
		4510A11A217388A900D142E5 /* WeatherGift */ = {
			isa = PBXGroup;
			children = (
				4510A11B217388A900D142E5 /* AppDelegate.swift */,
				4510A149217389FD00D142E5 /* DetailVC.swift */,
				4510A11F217388A900D142E5 /* Main.storyboard */,
				4510A14D217392FD00D142E5 /* PageVC.swift */,
				4510A14B217390B900D142E5 /* ListVC.swift */,
				4510A122217388AE00D142E5 /* Assets.xcassets */,
				4510A124217388AE00D142E5 /* LaunchScreen.storyboard */,
				4510A127217388AE00D142E5 /* Info.plist */,
			);
			path = WeatherGift;
			sourceTree = "<group>";
		};
		4510A12F217388AE00D142E5 /* WeatherGiftTests */ = {
			isa = PBXGroup;
			children = (
				4510A130217388AE00D142E5 /* WeatherGiftTests.swift */,
				4510A132217388AE00D142E5 /* Info.plist */,
			);
			path = WeatherGiftTests;
			sourceTree = "<group>";
		};
		4510A13A217388AE00D142E5 /* WeatherGiftUITests */ = {
			isa = PBXGroup;
			children = (
				4510A13B217388AE00D142E5 /* WeatherGiftUITests.swift */,
				4510A13D217388AE00D142E5 /* Info.plist */,
			);
			path = WeatherGiftUITests;
			sourceTree = "<group>";
		};
/* End PBXGroup section */

/* Begin PBXNativeTarget section */
		4510A117217388A900D142E5 /* WeatherGift */ = {
			isa = PBXNativeTarget;
			buildConfigurationList = 4510A140217388AE00D142E5 /* Build configuration list for PBXNativeTarget "WeatherGift" */;
			buildPhases = (
				4510A114217388A900D142E5 /* Sources */,
				4510A115217388A900D142E5 /* Frameworks */,
				4510A116217388A900D142E5 /* Resources */,
			);
			buildRules = (
			);
			dependencies = (
			);
			name = WeatherGift;
			productName = WeatherGift;
			productReference = 4510A118217388A900D142E5 /* WeatherGift.app */;
			productType = "com.apple.product-type.application";
		};
		4510A12B217388AE00D142E5 /* WeatherGiftTests */ = {
			isa = PBXNativeTarget;
			buildConfigurationList = 4510A143217388AE00D142E5 /* Build configuration list for PBXNativeTarget "WeatherGiftTests" */;
			buildPhases = (
				4510A128217388AE00D142E5 /* Sources */,
				4510A129217388AE00D142E5 /* Frameworks */,
				4510A12A217388AE00D142E5 /* Resources */,
			);
			buildRules = (
			);
			dependencies = (
				4510A12E217388AE00D142E5 /* PBXTargetDependency */,
			);
			name = WeatherGiftTests;
			productName = WeatherGiftTests;
			productReference = 4510A12C217388AE00D142E5 /* WeatherGiftTests.xctest */;
			productType = "com.apple.product-type.bundle.unit-test";
		};
		4510A136217388AE00D142E5 /* WeatherGiftUITests */ = {
			isa = PBXNativeTarget;
			buildConfigurationList = 4510A146217388AE00D142E5 /* Build configuration list for PBXNativeTarget "WeatherGiftUITests" */;
			buildPhases = (
				4510A133217388AE00D142E5 /* Sources */,
				4510A134217388AE00D142E5 /* Frameworks */,
				4510A135217388AE00D142E5 /* Resources */,
			);
			buildRules = (
			);
			dependencies = (
				4510A139217388AE00D142E5 /* PBXTargetDependency */,
			);
			name = WeatherGiftUITests;
			productName = WeatherGiftUITests;
			productReference = 4510A137217388AE00D142E5 /* WeatherGiftUITests.xctest */;
			productType = "com.apple.product-type.bundle.ui-testing";
		};
/* End PBXNativeTarget section */

/* Begin PBXProject section */
		4510A110217388A900D142E5 /* Project object */ = {
			isa = PBXProject;
			attributes = {
				LastSwiftUpdateCheck = 1000;
				LastUpgradeCheck = 1000;
				ORGANIZATIONNAME = "J. Lozano";
				TargetAttributes = {
					4510A117217388A900D142E5 = {
						CreatedOnToolsVersion = 10.0;
					};
					4510A12B217388AE00D142E5 = {
						CreatedOnToolsVersion = 10.0;
						TestTargetID = 4510A117217388A900D142E5;
					};
					4510A136217388AE00D142E5 = {
						CreatedOnToolsVersion = 10.0;
						TestTargetID = 4510A117217388A900D142E5;
					};
				};
			};
			buildConfigurationList = 4510A113217388A900D142E5 /* Build configuration list for PBXProject "WeatherGift" */;
			compatibilityVersion = "Xcode 9.3";
			developmentRegion = en;
			hasScannedForEncodings = 0;
			knownRegions = (
				en,
				Base,
			);
			mainGroup = 4510A10F217388A800D142E5;
			productRefGroup = 4510A119217388A900D142E5 /* Products */;
			projectDirPath = "";
			projectRoot = "";
			targets = (
				4510A117217388A900D142E5 /* WeatherGift */,
				4510A12B217388AE00D142E5 /* WeatherGiftTests */,
				4510A136217388AE00D142E5 /* WeatherGiftUITests */,
			);
		};
/* End PBXProject section */

/* Begin PBXResourcesBuildPhase section */
		4510A116217388A900D142E5 /* Resources */ = {
			isa = PBXResourcesBuildPhase;
			buildActionMask = 2147483647;
			files = (
				4510A126217388AE00D142E5 /* LaunchScreen.storyboard in Resources */,
				4510A123217388AE00D142E5 /* Assets.xcassets in Resources */,
				4510A121217388A900D142E5 /* Main.storyboard in Resources */,
			);
			runOnlyForDeploymentPostprocessing = 0;
		};
		4510A12A217388AE00D142E5 /* Resources */ = {
			isa = PBXResourcesBuildPhase;
			buildActionMask = 2147483647;
			files = (
			);
			runOnlyForDeploymentPostprocessing = 0;
		};
		4510A135217388AE00D142E5 /* Resources */ = {
			isa = PBXResourcesBuildPhase;
			buildActionMask = 2147483647;
			files = (
			);
			runOnlyForDeploymentPostprocessing = 0;
		};
/* End PBXResourcesBuildPhase section */

/* Begin PBXSourcesBuildPhase section */
		4510A114217388A900D142E5 /* Sources */ = {
			isa = PBXSourcesBuildPhase;
			buildActionMask = 2147483647;
			files = (
				4510A14C217390B900D142E5 /* ListVC.swift in Sources */,
				4510A14E217392FD00D142E5 /* PageVC.swift in Sources */,
				4510A11C217388A900D142E5 /* AppDelegate.swift in Sources */,
				4510A14A217389FD00D142E5 /* DetailVC.swift in Sources */,
			);
			runOnlyForDeploymentPostprocessing = 0;
		};
		4510A128217388AE00D142E5 /* Sources */ = {
			isa = PBXSourcesBuildPhase;
			buildActionMask = 2147483647;
			files = (
				4510A131217388AE00D142E5 /* WeatherGiftTests.swift in Sources */,
			);
			runOnlyForDeploymentPostprocessing = 0;
		};
		4510A133217388AE00D142E5 /* Sources */ = {
			isa = PBXSourcesBuildPhase;
			buildActionMask = 2147483647;
			files = (
				4510A13C217388AE00D142E5 /* WeatherGiftUITests.swift in Sources */,
			);
			runOnlyForDeploymentPostprocessing = 0;
		};
/* End PBXSourcesBuildPhase section */

/* Begin PBXTargetDependency section */
		4510A12E217388AE00D142E5 /* PBXTargetDependency */ = {
			isa = PBXTargetDependency;
			target = 4510A117217388A900D142E5 /* WeatherGift */;
			targetProxy = 4510A12D217388AE00D142E5 /* PBXContainerItemProxy */;
		};
		4510A139217388AE00D142E5 /* PBXTargetDependency */ = {
			isa = PBXTargetDependency;
			target = 4510A117217388A900D142E5 /* WeatherGift */;
			targetProxy = 4510A138217388AE00D142E5 /* PBXContainerItemProxy */;
		};
/* End PBXTargetDependency section */

/* Begin PBXVariantGroup section */
		4510A11F217388A900D142E5 /* Main.storyboard */ = {
			isa = PBXVariantGroup;
			children = (
				4510A120217388A900D142E5 /* Base */,
			);
			name = Main.storyboard;
			sourceTree = "<group>";
		};
		4510A124217388AE00D142E5 /* LaunchScreen.storyboard */ = {
			isa = PBXVariantGroup;
			children = (
				4510A125217388AE00D142E5 /* Base */,
			);
			name = LaunchScreen.storyboard;
			sourceTree = "<group>";
		};
/* End PBXVariantGroup section */

/* Begin XCBuildConfiguration section */
		4510A13E217388AE00D142E5 /* Debug */ = {
			isa = XCBuildConfiguration;
			buildSettings = {
				ALWAYS_SEARCH_USER_PATHS = NO;
				CLANG_ANALYZER_NONNULL = YES;
				CLANG_ANALYZER_NUMBER_OBJECT_CONVERSION = YES_AGGRESSIVE;
				CLANG_CXX_LANGUAGE_STANDARD = "gnu++14";
				CLANG_CXX_LIBRARY = "libc++";
				CLANG_ENABLE_MODULES = YES;
				CLANG_ENABLE_OBJC_ARC = YES;
				CLANG_ENABLE_OBJC_WEAK = YES;
				CLANG_WARN_BLOCK_CAPTURE_AUTORELEASING = YES;
				CLANG_WARN_BOOL_CONVERSION = YES;
				CLANG_WARN_COMMA = YES;
				CLANG_WARN_CONSTANT_CONVERSION = YES;
				CLANG_WARN_DEPRECATED_OBJC_IMPLEMENTATIONS = YES;
				CLANG_WARN_DIRECT_OBJC_ISA_USAGE = YES_ERROR;
				CLANG_WARN_DOCUMENTATION_COMMENTS = YES;
				CLANG_WARN_EMPTY_BODY = YES;
				CLANG_WARN_ENUM_CONVERSION = YES;
				CLANG_WARN_INFINITE_RECURSION = YES;
				CLANG_WARN_INT_CONVERSION = YES;
				CLANG_WARN_NON_LITERAL_NULL_CONVERSION = YES;
				CLANG_WARN_OBJC_IMPLICIT_RETAIN_SELF = YES;
				CLANG_WARN_OBJC_LITERAL_CONVERSION = YES;
				CLANG_WARN_OBJC_ROOT_CLASS = YES_ERROR;
				CLANG_WARN_RANGE_LOOP_ANALYSIS = YES;
				CLANG_WARN_STRICT_PROTOTYPES = YES;
				CLANG_WARN_SUSPICIOUS_MOVE = YES;
				CLANG_WARN_UNGUARDED_AVAILABILITY = YES_AGGRESSIVE;
				CLANG_WARN_UNREACHABLE_CODE = YES;
				CLANG_WARN__DUPLICATE_METHOD_MATCH = YES;
				CODE_SIGN_IDENTITY = "iPhone Developer";
				COPY_PHASE_STRIP = NO;
				DEBUG_INFORMATION_FORMAT = dwarf;
				ENABLE_STRICT_OBJC_MSGSEND = YES;
				ENABLE_TESTABILITY = YES;
				GCC_C_LANGUAGE_STANDARD = gnu11;
				GCC_DYNAMIC_NO_PIC = NO;
				GCC_NO_COMMON_BLOCKS = YES;
				GCC_OPTIMIZATION_LEVEL = 0;
				GCC_PREPROCESSOR_DEFINITIONS = (
					"DEBUG=1",
					"$(inherited)",
				);
				GCC_WARN_64_TO_32_BIT_CONVERSION = YES;
				GCC_WARN_ABOUT_RETURN_TYPE = YES_ERROR;
				GCC_WARN_UNDECLARED_SELECTOR = YES;
				GCC_WARN_UNINITIALIZED_AUTOS = YES_AGGRESSIVE;
				GCC_WARN_UNUSED_FUNCTION = YES;
				GCC_WARN_UNUSED_VARIABLE = YES;
				IPHONEOS_DEPLOYMENT_TARGET = 12.0;
				MTL_ENABLE_DEBUG_INFO = INCLUDE_SOURCE;
				MTL_FAST_MATH = YES;
				ONLY_ACTIVE_ARCH = YES;
				SDKROOT = iphoneos;
				SWIFT_ACTIVE_COMPILATION_CONDITIONS = DEBUG;
				SWIFT_OPTIMIZATION_LEVEL = "-Onone";
			};
			name = Debug;
		};
		4510A13F217388AE00D142E5 /* Release */ = {
			isa = XCBuildConfiguration;
			buildSettings = {
				ALWAYS_SEARCH_USER_PATHS = NO;
				CLANG_ANALYZER_NONNULL = YES;
				CLANG_ANALYZER_NUMBER_OBJECT_CONVERSION = YES_AGGRESSIVE;
				CLANG_CXX_LANGUAGE_STANDARD = "gnu++14";
				CLANG_CXX_LIBRARY = "libc++";
				CLANG_ENABLE_MODULES = YES;
				CLANG_ENABLE_OBJC_ARC = YES;
				CLANG_ENABLE_OBJC_WEAK = YES;
				CLANG_WARN_BLOCK_CAPTURE_AUTORELEASING = YES;
				CLANG_WARN_BOOL_CONVERSION = YES;
				CLANG_WARN_COMMA = YES;
				CLANG_WARN_CONSTANT_CONVERSION = YES;
				CLANG_WARN_DEPRECATED_OBJC_IMPLEMENTATIONS = YES;
				CLANG_WARN_DIRECT_OBJC_ISA_USAGE = YES_ERROR;
				CLANG_WARN_DOCUMENTATION_COMMENTS = YES;
				CLANG_WARN_EMPTY_BODY = YES;
				CLANG_WARN_ENUM_CONVERSION = YES;
				CLANG_WARN_INFINITE_RECURSION = YES;
				CLANG_WARN_INT_CONVERSION = YES;
				CLANG_WARN_NON_LITERAL_NULL_CONVERSION = YES;
				CLANG_WARN_OBJC_IMPLICIT_RETAIN_SELF = YES;
				CLANG_WARN_OBJC_LITERAL_CONVERSION = YES;
				CLANG_WARN_OBJC_ROOT_CLASS = YES_ERROR;
				CLANG_WARN_RANGE_LOOP_ANALYSIS = YES;
				CLANG_WARN_STRICT_PROTOTYPES = YES;
				CLANG_WARN_SUSPICIOUS_MOVE = YES;
				CLANG_WARN_UNGUARDED_AVAILABILITY = YES_AGGRESSIVE;
				CLANG_WARN_UNREACHABLE_CODE = YES;
				CLANG_WARN__DUPLICATE_METHOD_MATCH = YES;
				CODE_SIGN_IDENTITY = "iPhone Developer";
				COPY_PHASE_STRIP = NO;
				DEBUG_INFORMATION_FORMAT = "dwarf-with-dsym";
				ENABLE_NS_ASSERTIONS = NO;
				ENABLE_STRICT_OBJC_MSGSEND = YES;
				GCC_C_LANGUAGE_STANDARD = gnu11;
				GCC_NO_COMMON_BLOCKS = YES;
				GCC_WARN_64_TO_32_BIT_CONVERSION = YES;
				GCC_WARN_ABOUT_RETURN_TYPE = YES_ERROR;
				GCC_WARN_UNDECLARED_SELECTOR = YES;
				GCC_WARN_UNINITIALIZED_AUTOS = YES_AGGRESSIVE;
				GCC_WARN_UNUSED_FUNCTION = YES;
				GCC_WARN_UNUSED_VARIABLE = YES;
				IPHONEOS_DEPLOYMENT_TARGET = 12.0;
				MTL_ENABLE_DEBUG_INFO = NO;
				MTL_FAST_MATH = YES;
				SDKROOT = iphoneos;
				SWIFT_COMPILATION_MODE = wholemodule;
				SWIFT_OPTIMIZATION_LEVEL = "-O";
				VALIDATE_PRODUCT = YES;
			};
			name = Release;
		};
		4510A141217388AE00D142E5 /* Debug */ = {
			isa = XCBuildConfiguration;
			buildSettings = {
				ASSETCATALOG_COMPILER_APPICON_NAME = AppIcon;
				CODE_SIGN_STYLE = Automatic;
				INFOPLIST_FILE = WeatherGift/Info.plist;
				LD_RUNPATH_SEARCH_PATHS = (
					"$(inherited)",
					"@executable_path/Frameworks",
				);
				PRODUCT_BUNDLE_IDENTIFIER = "Jolene-Lozano.WeatherGift";
				PRODUCT_NAME = "$(TARGET_NAME)";
				SWIFT_VERSION = 4.2;
				TARGETED_DEVICE_FAMILY = "1,2";
			};
			name = Debug;
		};
		4510A142217388AE00D142E5 /* Release */ = {
			isa = XCBuildConfiguration;
			buildSettings = {
				ASSETCATALOG_COMPILER_APPICON_NAME = AppIcon;
				CODE_SIGN_STYLE = Automatic;
				INFOPLIST_FILE = WeatherGift/Info.plist;
				LD_RUNPATH_SEARCH_PATHS = (
					"$(inherited)",
					"@executable_path/Frameworks",
				);
				PRODUCT_BUNDLE_IDENTIFIER = "Jolene-Lozano.WeatherGift";
				PRODUCT_NAME = "$(TARGET_NAME)";
				SWIFT_VERSION = 4.2;
				TARGETED_DEVICE_FAMILY = "1,2";
			};
			name = Release;
		};
		4510A144217388AE00D142E5 /* Debug */ = {
			isa = XCBuildConfiguration;
			buildSettings = {
				ALWAYS_EMBED_SWIFT_STANDARD_LIBRARIES = YES;
				BUNDLE_LOADER = "$(TEST_HOST)";
				CODE_SIGN_STYLE = Automatic;
				INFOPLIST_FILE = WeatherGiftTests/Info.plist;
				LD_RUNPATH_SEARCH_PATHS = (
					"$(inherited)",
					"@executable_path/Frameworks",
					"@loader_path/Frameworks",
				);
				PRODUCT_BUNDLE_IDENTIFIER = "Jolene-Lozano.WeatherGiftTests";
				PRODUCT_NAME = "$(TARGET_NAME)";
				SWIFT_VERSION = 4.2;
				TARGETED_DEVICE_FAMILY = "1,2";
				TEST_HOST = "$(BUILT_PRODUCTS_DIR)/WeatherGift.app/WeatherGift";
			};
			name = Debug;
		};
		4510A145217388AE00D142E5 /* Release */ = {
			isa = XCBuildConfiguration;
			buildSettings = {
				ALWAYS_EMBED_SWIFT_STANDARD_LIBRARIES = YES;
				BUNDLE_LOADER = "$(TEST_HOST)";
				CODE_SIGN_STYLE = Automatic;
				INFOPLIST_FILE = WeatherGiftTests/Info.plist;
				LD_RUNPATH_SEARCH_PATHS = (
					"$(inherited)",
					"@executable_path/Frameworks",
					"@loader_path/Frameworks",
				);
				PRODUCT_BUNDLE_IDENTIFIER = "Jolene-Lozano.WeatherGiftTests";
				PRODUCT_NAME = "$(TARGET_NAME)";
				SWIFT_VERSION = 4.2;
				TARGETED_DEVICE_FAMILY = "1,2";
				TEST_HOST = "$(BUILT_PRODUCTS_DIR)/WeatherGift.app/WeatherGift";
			};
			name = Release;
		};
		4510A147217388AE00D142E5 /* Debug */ = {
			isa = XCBuildConfiguration;
			buildSettings = {
				ALWAYS_EMBED_SWIFT_STANDARD_LIBRARIES = YES;
				CODE_SIGN_STYLE = Automatic;
				INFOPLIST_FILE = WeatherGiftUITests/Info.plist;
				LD_RUNPATH_SEARCH_PATHS = (
					"$(inherited)",
					"@executable_path/Frameworks",
					"@loader_path/Frameworks",
				);
				PRODUCT_BUNDLE_IDENTIFIER = "Jolene-Lozano.WeatherGiftUITests";
				PRODUCT_NAME = "$(TARGET_NAME)";
				SWIFT_VERSION = 4.2;
				TARGETED_DEVICE_FAMILY = "1,2";
				TEST_TARGET_NAME = WeatherGift;
			};
			name = Debug;
		};
		4510A148217388AE00D142E5 /* Release */ = {
			isa = XCBuildConfiguration;
			buildSettings = {
				ALWAYS_EMBED_SWIFT_STANDARD_LIBRARIES = YES;
				CODE_SIGN_STYLE = Automatic;
				INFOPLIST_FILE = WeatherGiftUITests/Info.plist;
				LD_RUNPATH_SEARCH_PATHS = (
					"$(inherited)",
					"@executable_path/Frameworks",
					"@loader_path/Frameworks",
				);
				PRODUCT_BUNDLE_IDENTIFIER = "Jolene-Lozano.WeatherGiftUITests";
				PRODUCT_NAME = "$(TARGET_NAME)";
				SWIFT_VERSION = 4.2;
				TARGETED_DEVICE_FAMILY = "1,2";
				TEST_TARGET_NAME = WeatherGift;
			};
			name = Release;
		};
/* End XCBuildConfiguration section */

/* Begin XCConfigurationList section */
		4510A113217388A900D142E5 /* Build configuration list for PBXProject "WeatherGift" */ = {
			isa = XCConfigurationList;
			buildConfigurations = (
				4510A13E217388AE00D142E5 /* Debug */,
				4510A13F217388AE00D142E5 /* Release */,
			);
			defaultConfigurationIsVisible = 0;
			defaultConfigurationName = Release;
		};
		4510A140217388AE00D142E5 /* Build configuration list for PBXNativeTarget "WeatherGift" */ = {
			isa = XCConfigurationList;
			buildConfigurations = (
				4510A141217388AE00D142E5 /* Debug */,
				4510A142217388AE00D142E5 /* Release */,
			);
			defaultConfigurationIsVisible = 0;
			defaultConfigurationName = Release;
		};
		4510A143217388AE00D142E5 /* Build configuration list for PBXNativeTarget "WeatherGiftTests" */ = {
			isa = XCConfigurationList;
			buildConfigurations = (
				4510A144217388AE00D142E5 /* Debug */,
				4510A145217388AE00D142E5 /* Release */,
			);
			defaultConfigurationIsVisible = 0;
			defaultConfigurationName = Release;
		};
		4510A146217388AE00D142E5 /* Build configuration list for PBXNativeTarget "WeatherGiftUITests" */ = {
			isa = XCConfigurationList;
			buildConfigurations = (
				4510A147217388AE00D142E5 /* Debug */,
				4510A148217388AE00D142E5 /* Release */,
			);
			defaultConfigurationIsVisible = 0;
			defaultConfigurationName = Release;
		};
/* End XCConfigurationList section */
	};
	rootObject = 4510A110217388A900D142E5 /* Project object */;
}
